
Microsoft Visual Studio Solution File, Format Version 12.00
# Visual Studio Version 17
VisualStudioVersion = 17.4.33213.308
MinimumVisualStudioVersion = 10.0.40219.1
Project("{9A19103F-16F7-4668-BE54-9A1E7A4F7556}") = "Assignment1", "Assignment1.csproj", "{9EA24AA5-5C11-4401-BD33-E65D0437C485}"
EndProject
Project("{2150E333-8FDC-42A3-9474-1A3956D46DE8}") = "Solution Items", "Solution Items", "{014B89CB-2901-4D2E-8CEB-2A71C30D1D84}"
	ProjectSection(SolutionItems) = preProject
		Class1.cs = Class1.cs
	EndProjectSection
EndProject
Global
	GlobalSection(SolutionConfigurationPlatforms) = preSolution
		Debug|Any CPU = Debug|Any CPU
		Release|Any CPU = Release|Any CPU
	EndGlobalSection
	GlobalSection(ProjectConfigurationPlatforms) = postSolution
		{9EA24AA5-5C11-4401-BD33-E65D0437C485}.Debug|Any CPU.ActiveCfg = Debug|Any CPU
		{9EA24AA5-5C11-4401-BD33-E65D0437C485}.Debug|Any CPU.Build.0 = Debug|Any CPU
		{9EA24AA5-5C11-4401-BD33-E65D0437C485}.Release|Any CPU.ActiveCfg = Release|Any CPU
		{9EA24AA5-5C11-4401-BD33-E65D0437C485}.Release|Any CPU.Build.0 = Release|Any CPU
	EndGlobalSection
	GlobalSection(SolutionProperties) = preSolution
		HideSolutionNode = FALSE
	EndGlobalSection
	GlobalSection(ExtensibilityGlobals) = postSolution
		SolutionGuid = {7C26F701-A7C5-4EEF-A861-8BB0150F4810}
	EndGlobalSection
EndGlobal
