
Microsoft Visual Studio Solution File, Format Version 12.00
# Visual Studio Version 17
VisualStudioVersion = 17.4.33213.308
MinimumVisualStudioVersion = 10.0.40219.1
Project("{FAE04EC0-301F-11D3-BF4B-00C04F79EFBC}") = "JWTAuth", "JWTAuth\JWTAuth.csproj", "{3BD182E8-7365-4E32-9392-AFA46596531C}"
EndProject
Global
	GlobalSection(SolutionConfigurationPlatforms) = preSolution
		Debug|Any CPU = Debug|Any CPU
		Release|Any CPU = Release|Any CPU
	EndGlobalSection
	GlobalSection(ProjectConfigurationPlatforms) = postSolution
		{3BD182E8-7365-4E32-9392-AFA46596531C}.Debug|Any CPU.ActiveCfg = Debug|Any CPU
		{3BD182E8-7365-4E32-9392-AFA46596531C}.Debug|Any CPU.Build.0 = Debug|Any CPU
		{3BD182E8-7365-4E32-9392-AFA46596531C}.Release|Any CPU.ActiveCfg = Release|Any CPU
		{3BD182E8-7365-4E32-9392-AFA46596531C}.Release|Any CPU.Build.0 = Release|Any CPU
	EndGlobalSection
	GlobalSection(SolutionProperties) = preSolution
		HideSolutionNode = FALSE
	EndGlobalSection
	GlobalSection(ExtensibilityGlobals) = postSolution
		SolutionGuid = {DDBBC25F-CE05-4C71-B96F-651020B160A9}
	EndGlobalSection
EndGlobal
